# This file is autogenerated, do not edit; changes may be undone by the next 'dep ensure'.


[[projects]]
  branch = "master"
  name = "github.com/kelseyhightower/envconfig"
  packages = ["."]
  revision = "462fda1f11d8cad3660e52737b8beefd27acfb3f"

[[projects]]
  branch = "master"
  name = "github.com/nlopes/slack"
  packages = ["."]
  revision = "107290b5bbaf3e634833346bb4ff389b1c782bc7"

[[projects]]
  branch = "master"
  name = "golang.org/x/net"
  packages = ["websocket"]
  revision = "434ec0c7fe3742c984919a691b2018a6e9694425"

[solve-meta]
  analyzer-name = "dep"
  analyzer-version = 1
  inputs-digest = "5c937e881b209526d957519d68a378bab69b02fcb3ce6c0170f88e3edaffe2b9"
  solver-name = "gps-cdcl"
  solver-version = 1
